<?xml version="1.0" encoding="utf-8"?>
<Project ToolsVersion="4.0" xmlns="http://schemas.microsoft.com/developer/msbuild/2003">
  <ItemGroup>
    <Filter Include="Source Files">
      <UniqueIdentifier>{4FC737F1-C7A5-4376-A066-2A32D752A2FF}</UniqueIdentifier>
      <Extensions>cpp;c;cc;cxx;def;odl;idl;hpj;bat;asm;asmx</Extensions>
    </Filter>
    <Filter Include="Source Files\CLI">
      <UniqueIdentifier>{dfcd365f-7cf7-49e1-acbd-5cc8feb050b9}</UniqueIdentifier>
    </Filter>
    <Filter Include="Source Files\Common">
      <UniqueIdentifier>{0695f3bc-bcf0-44c2-91ad-9975be8fe81b}</UniqueIdentifier>
    </Filter>
    <Filter Include="Source Files\Riff">
      <UniqueIdentifier>{9b5908dc-3127-4ba9-adb8-fa5e3d576167}</UniqueIdentifier>
    </Filter>
    <Filter Include="Source Files\ZenLib">
      <UniqueIdentifier>{30c96490-bed9-4655-8beb-f1d2b2c3c389}</UniqueIdentifier>
    </Filter>
    <Filter Include="Source Files\MD5">
      <UniqueIdentifier>{1d23dca2-4a1f-4ea9-92d5-284b302d0b66}</UniqueIdentifier>
    </Filter>
    <Filter Include="Source Files\TinyXml">
      <UniqueIdentifier>{550d6b5a-b49d-4b44-b0a9-fc27527dd562}</UniqueIdentifier>
    </Filter>
    <Filter Include="Header Files">
      <UniqueIdentifier>{93995380-89BD-4b04-88EB-625FBE52EBFB}</UniqueIdentifier>
      <Extensions>h;hpp;hxx;hm;inl;inc;xsd</Extensions>
    </Filter>
    <Filter Include="Header Files\CLI">
      <UniqueIdentifier>{5da1aaa2-86f5-47f2-9d11-0d3ccab08c5d}</UniqueIdentifier>
    </Filter>
    <Filter Include="Header Files\Common">
      <UniqueIdentifier>{c2b5a187-4e95-4239-baf0-dfa611135e69}</UniqueIdentifier>
    </Filter>
    <Filter Include="Header Files\Riff">
      <UniqueIdentifier>{51a52c1a-3769-4eae-b88b-286383c65a3d}</UniqueIdentifier>
    </Filter>
    <Filter Include="Header Files\ZenLib">
      <UniqueIdentifier>{17d9dc2d-22b1-42bc-b7e7-7deb605342dd}</UniqueIdentifier>
    </Filter>
    <Filter Include="Header Files\MD5">
      <UniqueIdentifier>{3c4f1b37-1c70-42e1-86d6-e868c958c740}</UniqueIdentifier>
    </Filter>
    <Filter Include="Header Files\TinyXml">
      <UniqueIdentifier>{e9f11c32-c8aa-401b-81bb-e9b8f455ba49}</UniqueIdentifier>
    </Filter>
    <Filter Include="Resource Files">
      <UniqueIdentifier>{67DA6AB6-F800-4c08-8B7A-83BB121AAD01}</UniqueIdentifier>
      <Extensions>rc;ico;cur;bmp;dlg;rc2;rct;bin;rgs;gif;jpg;jpeg;jpe;resx;tiff;tif;png;wav</Extensions>
    </Filter>
  </ItemGroup>
  <ItemGroup>
    <ClCompile Include="..\..\..\Source\CLI\CLI_Help.cpp">
      <Filter>Source Files\CLI</Filter>
    </ClCompile>
    <ClCompile Include="..\..\..\Source\CLI\CLI_Main.cpp">
      <Filter>Source Files\CLI</Filter>
    </ClCompile>
    <ClCompile Include="..\..\..\Source\CLI\CommandLine_Parser.cpp">
      <Filter>Source Files\CLI</Filter>
    </ClCompile>
    <ClCompile Include="..\..\..\Source\Common\Common_About.cpp">
      <Filter>Source Files\Common</Filter>
    </ClCompile>
    <ClCompile Include="..\..\..\Source\Common\Core.cpp">
      <Filter>Source Files\Common</Filter>
    </ClCompile>
    <ClCompile Include="..\..\..\Source\Riff\Riff_Base.cpp">
      <Filter>Source Files\Riff</Filter>
    </ClCompile>
    <ClCompile Include="..\..\..\Source\Riff\Riff_Base_Streams.cpp">
      <Filter>Source Files\Riff</Filter>
    </ClCompile>
    <ClCompile Include="..\..\..\Source\Riff\Riff_Chunks_.cpp">
      <Filter>Source Files\Riff</Filter>
    </ClCompile>
    <ClCompile Include="..\..\..\Source\Riff\Riff_Chunks_WAVE.cpp">
      <Filter>Source Files\Riff</Filter>
    </ClCompile>
    <ClCompile Include="..\..\..\Source\Riff\Riff_Chunks_WAVE__PMX.cpp">
      <Filter>Source Files\Riff</Filter>
    </ClCompile>
    <ClCompile Include="..\..\..\Source\Riff\Riff_Chunks_WAVE_aXML.cpp">
      <Filter>Source Files\Riff</Filter>
    </ClCompile>
    <ClCompile Include="..\..\..\Source\Riff\Riff_Chunks_WAVE_bext.cpp">
      <Filter>Source Files\Riff</Filter>
    </ClCompile>
    <ClCompile Include="..\..\..\Source\Riff\Riff_Chunks_WAVE_data.cpp">
      <Filter>Source Files\Riff</Filter>
    </ClCompile>
    <ClCompile Include="..\..\..\Source\Riff\Riff_Chunks_WAVE_ds64.cpp">
      <Filter>Source Files\Riff</Filter>
    </ClCompile>
    <ClCompile Include="..\..\..\Source\Riff\Riff_Chunks_WAVE_FLLR.cpp">
      <Filter>Source Files\Riff</Filter>
    </ClCompile>
    <ClCompile Include="..\..\..\Source\Riff\Riff_Chunks_WAVE_fmt_.cpp">
      <Filter>Source Files\Riff</Filter>
    </ClCompile>
    <ClCompile Include="..\..\..\Source\Riff\Riff_Chunks_WAVE_INFO.cpp">
      <Filter>Source Files\Riff</Filter>
    </ClCompile>
    <ClCompile Include="..\..\..\Source\Riff\Riff_Chunks_WAVE_INFO_xxxx.cpp">
      <Filter>Source Files\Riff</Filter>
    </ClCompile>
    <ClCompile Include="..\..\..\Source\Riff\Riff_Chunks_WAVE_iXML.cpp">
      <Filter>Source Files\Riff</Filter>
    </ClCompile>
    <ClCompile Include="..\..\..\Source\Riff\Riff_Chunks_WAVE_MD5_.cpp">
      <Filter>Source Files\Riff</Filter>
    </ClCompile>
    <ClCompile Include="..\..\..\Source\Riff\Riff_Handler.cpp">
      <Filter>Source Files\Riff</Filter>
    </ClCompile>
    <ClCompile Include="..\..\..\Source\ZenLib\Conf.cpp">
      <Filter>Source Files\ZenLib</Filter>
    </ClCompile>
    <ClCompile Include="..\..\..\Source\ZenLib\CriticalSection.cpp">
      <Filter>Source Files\ZenLib</Filter>
    </ClCompile>
    <ClCompile Include="..\..\..\Source\ZenLib\Dir.cpp">
      <Filter>Source Files\ZenLib</Filter>
    </ClCompile>
    <ClCompile Include="..\..\..\Source\ZenLib\File.cpp">
      <Filter>Source Files\ZenLib</Filter>
    </ClCompile>
    <ClCompile Include="..\..\..\Source\ZenLib\FileName.cpp">
      <Filter>Source Files\ZenLib</Filter>
    </ClCompile>
    <ClCompile Include="..\..\..\Source\ZenLib\InfoMap.cpp">
      <Filter>Source Files\ZenLib</Filter>
    </ClCompile>
    <ClCompile Include="..\..\..\Source\ZenLib\int128s.cpp">
      <Filter>Source Files\ZenLib</Filter>
    </ClCompile>
    <ClCompile Include="..\..\..\Source\ZenLib\int128u.cpp">
      <Filter>Source Files\ZenLib</Filter>
    </ClCompile>
    <ClCompile Include="..\..\..\Source\ZenLib\MemoryDebug.cpp">
      <Filter>Source Files\ZenLib</Filter>
    </ClCompile>
    <ClCompile Include="..\..\..\Source\ZenLib\OS_Utils.cpp">
      <Filter>Source Files\ZenLib</Filter>
    </ClCompile>
    <ClCompile Include="..\..\..\Source\ZenLib\PreComp.cpp">
      <Filter>Source Files\ZenLib</Filter>
    </ClCompile>
    <ClCompile Include="..\..\..\Source\ZenLib\Thread.cpp">
      <Filter>Source Files\ZenLib</Filter>
    </ClCompile>
    <ClCompile Include="..\..\..\Source\ZenLib\Translation.cpp">
      <Filter>Source Files\ZenLib</Filter>
    </ClCompile>
    <ClCompile Include="..\..\..\Source\ZenLib\Utils.cpp">
      <Filter>Source Files\ZenLib</Filter>
    </ClCompile>
    <ClCompile Include="..\..\..\Source\ZenLib\Ztring.cpp">
      <Filter>Source Files\ZenLib</Filter>
    </ClCompile>
    <ClCompile Include="..\..\..\Source\ZenLib\ZtringList.cpp">
      <Filter>Source Files\ZenLib</Filter>
    </ClCompile>
    <ClCompile Include="..\..\..\Source\ZenLib\ZtringListList.cpp">
      <Filter>Source Files\ZenLib</Filter>
    </ClCompile>
    <ClCompile Include="..\..\..\Source\ZenLib\ZtringListListF.cpp">
      <Filter>Source Files\ZenLib</Filter>
    </ClCompile>
    <ClCompile Include="..\..\..\Source\MD5\md5.c">
      <Filter>Source Files\MD5</Filter>
    </ClCompile>
    <ClCompile Include="..\..\..\Source\TinyXml\tinystr.cpp">
      <Filter>Source Files\TinyXml</Filter>
    </ClCompile>
    <ClCompile Include="..\..\..\Source\TinyXml\tinyxml.cpp">
      <Filter>Source Files\TinyXml</Filter>
    </ClCompile>
    <ClCompile Include="..\..\..\Source\TinyXml\tinyxmlerror.cpp">
      <Filter>Source Files\TinyXml</Filter>
    </ClCompile>
    <ClCompile Include="..\..\..\Source\TinyXml\tinyxmlparser.cpp">
      <Filter>Source Files\TinyXml</Filter>
    </ClCompile>
  </ItemGroup>
  <ItemGroup>
    <ClInclude Include="..\..\..\Source\CLI\CLI_Help.h">
      <Filter>Header Files\CLI</Filter>
    </ClInclude>
    <ClInclude Include="..\..\..\Source\CLI\CommandLine_Parser.h">
      <Filter>Header Files\CLI</Filter>
    </ClInclude>
    <ClInclude Include="..\..\..\Source\Common\Common_About.h">
      <Filter>Header Files\Common</Filter>
    </ClInclude>
    <ClInclude Include="..\..\..\Source\Common\Core.h">
      <Filter>Header Files\Common</Filter>
    </ClInclude>
    <ClInclude Include="..\..\..\Source\Riff\Riff_Base.h">
      <Filter>Header Files\Riff</Filter>
    </ClInclude>
    <ClInclude Include="..\..\..\Source\Riff\Riff_Chunks.h">
      <Filter>Header Files\Riff</Filter>
    </ClInclude>
    <ClInclude Include="..\..\..\Source\Riff\Riff_Handler.h">
      <Filter>Header Files\Riff</Filter>
    </ClInclude>
    <ClInclude Include="..\..\..\Source\ZenLib\BitStream.h">
      <Filter>Header Files\ZenLib</Filter>
    </ClInclude>
    <ClInclude Include="..\..\..\Source\ZenLib\BitStream_Fast.h">
      <Filter>Header Files\ZenLib</Filter>
    </ClInclude>
    <ClInclude Include="..\..\..\Source\ZenLib\BitStream_LE.h">
      <Filter>Header Files\ZenLib</Filter>
    </ClInclude>
    <ClInclude Include="..\..\..\Source\ZenLib\Conf.h">
      <Filter>Header Files\ZenLib</Filter>
    </ClInclude>
    <ClInclude Include="..\..\..\Source\ZenLib\Conf_Internal.h">
      <Filter>Header Files\ZenLib</Filter>
    </ClInclude>
    <ClInclude Include="..\..\..\Source\ZenLib\CriticalSection.h">
      <Filter>Header Files\ZenLib</Filter>
    </ClInclude>
    <ClInclude Include="..\..\..\Source\ZenLib\Dir.h">
      <Filter>Header Files\ZenLib</Filter>
    </ClInclude>
    <ClInclude Include="..\..\..\Source\ZenLib\File.h">
      <Filter>Header Files\ZenLib</Filter>
    </ClInclude>
    <ClInclude Include="..\..\..\Source\ZenLib\FileName.h">
      <Filter>Header Files\ZenLib</Filter>
    </ClInclude>
    <ClInclude Include="..\..\..\Source\ZenLib\InfoMap.h">
      <Filter>Header Files\ZenLib</Filter>
    </ClInclude>
    <ClInclude Include="..\..\..\Source\ZenLib\int128s.h">
      <Filter>Header Files\ZenLib</Filter>
    </ClInclude>
    <ClInclude Include="..\..\..\Source\ZenLib\int128u.h">
      <Filter>Header Files\ZenLib</Filter>
    </ClInclude>
    <ClInclude Include="..\..\..\Source\ZenLib\MemoryDebug.h">
      <Filter>Header Files\ZenLib</Filter>
    </ClInclude>
    <ClInclude Include="..\..\..\Source\ZenLib\MemoryUtils.h">
      <Filter>Header Files\ZenLib</Filter>
    </ClInclude>
    <ClInclude Include="..\..\..\Source\ZenLib\OS_Utils.h">
      <Filter>Header Files\ZenLib</Filter>
    </ClInclude>
    <ClInclude Include="..\..\..\Source\ZenLib\PreComp.h">
      <Filter>Header Files\ZenLib</Filter>
    </ClInclude>
    <ClInclude Include="..\..\..\Source\ZenLib\Thread.h">
      <Filter>Header Files\ZenLib</Filter>
    </ClInclude>
    <ClInclude Include="..\..\..\Source\ZenLib\Trace.h">
      <Filter>Header Files\ZenLib</Filter>
    </ClInclude>
    <ClInclude Include="..\..\..\Source\ZenLib\Translation.h">
      <Filter>Header Files\ZenLib</Filter>
    </ClInclude>
    <ClInclude Include="..\..\..\Source\ZenLib\Utils.h">
      <Filter>Header Files\ZenLib</Filter>
    </ClInclude>
    <ClInclude Include="..\..\..\Source\ZenLib\Ztring.h">
      <Filter>Header Files\ZenLib</Filter>
    </ClInclude>
    <ClInclude Include="..\..\..\Source\ZenLib\ZtringList.h">
      <Filter>Header Files\ZenLib</Filter>
    </ClInclude>
    <ClInclude Include="..\..\..\Source\ZenLib\ZtringListList.h">
      <Filter>Header Files\ZenLib</Filter>
    </ClInclude>
    <ClInclude Include="..\..\..\Source\ZenLib\ZtringListListF.h">
      <Filter>Header Files\ZenLib</Filter>
    </ClInclude>
    <ClInclude Include="..\..\..\Source\MD5\md5.h">
      <Filter>Header Files\MD5</Filter>
    </ClInclude>
    <ClInclude Include="..\..\..\Source\TinyXml\tinystr.h">
      <Filter>Header Files\TinyXml</Filter>
    </ClInclude>
    <ClInclude Include="..\..\..\Source\TinyXml\tinyxml.h">
      <Filter>Header Files\TinyXml</Filter>
    </ClInclude>
  </ItemGroup>
  <ItemGroup>
    <ResourceCompile Include="BWF_MetaEdit_CLI.rc">
      <Filter>Resource Files</Filter>
    </ResourceCompile>
  </ItemGroup>
</Project>
