<?xml version="1.0" encoding="utf-8"?>
<Project ToolsVersion="4.0" xmlns="http://schemas.microsoft.com/developer/msbuild/2003">
  <ItemGroup>
    <Filter Include="Source Files">
      <UniqueIdentifier>{4FC737F1-C7A5-4376-A066-2A32D752A2FF}</UniqueIdentifier>
      <Extensions>cpp;c;cc;cxx;def;odl;idl;hpj;bat;asm;asmx</Extensions>
    </Filter>
    <Filter Include="Source Files\GUI">
      <UniqueIdentifier>{1d800ecf-e471-48c3-bbbe-8551796bef07}</UniqueIdentifier>
    </Filter>
    <Filter Include="Source Files\GUI\Automated">
      <UniqueIdentifier>{0dbb5fdb-c98f-4a25-8523-de4d6225b199}</UniqueIdentifier>
    </Filter>
    <Filter Include="Source Files\Common">
      <UniqueIdentifier>{8d05a8bb-57b6-4dc0-a6ac-5f35be474e16}</UniqueIdentifier>
    </Filter>
    <Filter Include="Source Files\Riff">
      <UniqueIdentifier>{87d4e283-083c-458c-b0e7-59e71ab16495}</UniqueIdentifier>
    </Filter>
    <Filter Include="Source Files\ZenLib">
      <UniqueIdentifier>{7506df1e-c847-4a99-b86f-f49e170de5f0}</UniqueIdentifier>
    </Filter>
    <Filter Include="Source Files\MD5">
      <UniqueIdentifier>{2d41c07c-49ac-41f6-b5c1-791d337a2a0e}</UniqueIdentifier>
    </Filter>
    <Filter Include="Source Files\TinyXml">
      <UniqueIdentifier>{5219f474-b2d4-4b1e-a669-5e081238718c}</UniqueIdentifier>
    </Filter>
    <Filter Include="Header Files">
      <UniqueIdentifier>{93995380-89BD-4b04-88EB-625FBE52EBFB}</UniqueIdentifier>
      <Extensions>h;hpp;hxx;hm;inl;inc;xsd</Extensions>
    </Filter>
    <Filter Include="Header Files\GUI">
      <UniqueIdentifier>{0fbc24cf-7851-406f-99ff-d053ea12508e}</UniqueIdentifier>
    </Filter>
    <Filter Include="Header Files\Common">
      <UniqueIdentifier>{29f61171-a283-4e24-b54e-e98249a14a9c}</UniqueIdentifier>
    </Filter>
    <Filter Include="Header Files\Riff">
      <UniqueIdentifier>{63af784c-7738-44fd-b893-e9d113cc72f1}</UniqueIdentifier>
    </Filter>
    <Filter Include="Header Files\ZenLib">
      <UniqueIdentifier>{a6175d34-02ce-4168-ae21-812bb2c8548d}</UniqueIdentifier>
    </Filter>
    <Filter Include="Header Files\MD5">
      <UniqueIdentifier>{9f19ac95-7527-40db-bf7d-cd9a3250a6ed}</UniqueIdentifier>
    </Filter>
    <Filter Include="Header Files\TinyXml">
      <UniqueIdentifier>{1ff4a137-4011-40a3-a1e2-c79c93cc5ed5}</UniqueIdentifier>
    </Filter>
    <Filter Include="Resource Files">
      <UniqueIdentifier>{67DA6AB6-F800-4c08-8B7A-83BB121AAD01}</UniqueIdentifier>
      <Extensions>rc;ico;cur;bmp;dlg;rc2;rct;bin;rgs;gif;jpg;jpeg;jpe;resx;tiff;tif;png;wav</Extensions>
    </Filter>
  </ItemGroup>
  <ItemGroup>
    <ClCompile Include="..\..\..\Source\GUI\Qt\App.cpp">
      <Filter>Source Files\GUI</Filter>
    </ClCompile>
    <ClCompile Include="..\..\..\Source\GUI\Qt\GUI_About.cpp">
      <Filter>Source Files\GUI</Filter>
    </ClCompile>
    <ClCompile Include="..\..\..\Source\GUI\Qt\GUI_Help.cpp">
      <Filter>Source Files\GUI</Filter>
    </ClCompile>
    <ClCompile Include="..\..\..\Source\GUI\Qt\GUI_Main.cpp">
      <Filter>Source Files\GUI</Filter>
    </ClCompile>
    <ClCompile Include="..\..\..\Source\GUI\Qt\GUI_Main_Core_Table.cpp">
      <Filter>Source Files\GUI</Filter>
    </ClCompile>
    <ClCompile Include="..\..\..\Source\GUI\Qt\GUI_Main_Core_Text.cpp">
      <Filter>Source Files\GUI</Filter>
    </ClCompile>
    <ClCompile Include="..\..\..\Source\GUI\Qt\GUI_Main_Menu.cpp">
      <Filter>Source Files\GUI</Filter>
    </ClCompile>
    <ClCompile Include="..\..\..\Source\GUI\Qt\GUI_Main_Output_Log.cpp">
      <Filter>Source Files\GUI</Filter>
    </ClCompile>
    <ClCompile Include="..\..\..\Source\GUI\Qt\GUI_Main_Output_Trace.cpp">
      <Filter>Source Files\GUI</Filter>
    </ClCompile>
    <ClCompile Include="..\..\..\Source\GUI\Qt\GUI_Main_Technical_Table.cpp">
      <Filter>Source Files\GUI</Filter>
    </ClCompile>
    <ClCompile Include="..\..\..\Source\GUI\Qt\GUI_Main_Technical_Text.cpp">
      <Filter>Source Files\GUI</Filter>
    </ClCompile>
    <ClCompile Include="..\..\..\Source\GUI\Qt\GUI_Main_UndoDialog.cpp">
      <Filter>Source Files\GUI</Filter>
    </ClCompile>
    <ClCompile Include="..\..\..\Source\GUI\Qt\GUI_Main_xxxx__Common.cpp">
      <Filter>Source Files\GUI</Filter>
    </ClCompile>
    <ClCompile Include="..\..\..\Source\GUI\Qt\GUI_Main_xxxx_Bext.cpp">
      <Filter>Source Files\GUI</Filter>
    </ClCompile>
    <ClCompile Include="..\..\..\Source\GUI\Qt\GUI_Main_xxxx_CodingHistoryDialog.cpp">
      <Filter>Source Files\GUI</Filter>
    </ClCompile>
    <ClCompile Include="..\..\..\Source\GUI\Qt\GUI_Main_xxxx_DateDialog.cpp">
      <Filter>Source Files\GUI</Filter>
    </ClCompile>
    <ClCompile Include="..\..\..\Source\GUI\Qt\GUI_Main_xxxx_TextEditDialog.cpp">
      <Filter>Source Files\GUI</Filter>
    </ClCompile>
    <ClCompile Include="..\..\..\Source\GUI\Qt\GUI_Main_xxxx_TimeReferenceDialog.cpp">
      <Filter>Source Files\GUI</Filter>
    </ClCompile>
    <ClCompile Include="..\..\..\Source\GUI\Qt\GUI_Preferences.cpp">
      <Filter>Source Files\GUI</Filter>
    </ClCompile>
    <ClCompile Include="_Automated\moc_GUI_About.cpp">
      <Filter>Source Files\GUI\Automated</Filter>
    </ClCompile>
    <ClCompile Include="_Automated\moc_GUI_Help.cpp">
      <Filter>Source Files\GUI\Automated</Filter>
    </ClCompile>
    <ClCompile Include="_Automated\moc_GUI_Main.cpp">
      <Filter>Source Files\GUI\Automated</Filter>
    </ClCompile>
    <ClCompile Include="_Automated\moc_GUI_Main_Core_Table.cpp">
      <Filter>Source Files\GUI\Automated</Filter>
    </ClCompile>
    <ClCompile Include="_Automated\moc_GUI_Main_Core_Text.cpp">
      <Filter>Source Files\GUI\Automated</Filter>
    </ClCompile>
    <ClCompile Include="_Automated\moc_GUI_Main_Ouput_Trace.cpp">
      <Filter>Source Files\GUI\Automated</Filter>
    </ClCompile>
    <ClCompile Include="_Automated\moc_GUI_Main_Output_Log.cpp">
      <Filter>Source Files\GUI\Automated</Filter>
    </ClCompile>
    <ClCompile Include="_Automated\moc_GUI_Main_Technical_Table.cpp">
      <Filter>Source Files\GUI\Automated</Filter>
    </ClCompile>
    <ClCompile Include="_Automated\moc_GUI_Main_Technical_Text.cpp">
      <Filter>Source Files\GUI\Automated</Filter>
    </ClCompile>
    <ClCompile Include="_Automated\moc_GUI_Main_UndoDialog.cpp">
      <Filter>Source Files\GUI\Automated</Filter>
    </ClCompile>
    <ClCompile Include="_Automated\moc_GUI_Main_xxxx__Common.cpp">
      <Filter>Source Files\GUI\Automated</Filter>
    </ClCompile>
    <ClCompile Include="_Automated\moc_GUI_Main_xxxx_Bext.cpp">
      <Filter>Source Files\GUI\Automated</Filter>
    </ClCompile>
    <ClCompile Include="_Automated\moc_GUI_Main_xxxx_CodingHistoryDialog.cpp">
      <Filter>Source Files\GUI\Automated</Filter>
    </ClCompile>
    <ClCompile Include="_Automated\moc_GUI_Main_xxxx_DateDialog.cpp">
      <Filter>Source Files\GUI\Automated</Filter>
    </ClCompile>
    <ClCompile Include="_Automated\moc_GUI_Main_xxxx_TextEditDialog.cpp">
      <Filter>Source Files\GUI\Automated</Filter>
    </ClCompile>
    <ClCompile Include="_Automated\moc_GUI_Main_xxxx_TimeReferenceDialog.cpp">
      <Filter>Source Files\GUI\Automated</Filter>
    </ClCompile>
    <ClCompile Include="_Automated\moc_GUI_Preferences.cpp">
      <Filter>Source Files\GUI\Automated</Filter>
    </ClCompile>
    <ClCompile Include="_Automated\qrc_GUI_Main.cpp">
      <Filter>Source Files\GUI\Automated</Filter>
    </ClCompile>
    <ClCompile Include="..\..\..\Source\Common\Common_About.cpp">
      <Filter>Source Files\Common</Filter>
    </ClCompile>
    <ClCompile Include="..\..\..\Source\Common\Core.cpp">
      <Filter>Source Files\Common</Filter>
    </ClCompile>
    <ClCompile Include="..\..\..\Source\Riff\Riff_Base.cpp">
      <Filter>Source Files\Riff</Filter>
    </ClCompile>
    <ClCompile Include="..\..\..\Source\Riff\Riff_Base_Streams.cpp">
      <Filter>Source Files\Riff</Filter>
    </ClCompile>
    <ClCompile Include="..\..\..\Source\Riff\Riff_Chunks_.cpp">
      <Filter>Source Files\Riff</Filter>
    </ClCompile>
    <ClCompile Include="..\..\..\Source\Riff\Riff_Chunks_WAVE.cpp">
      <Filter>Source Files\Riff</Filter>
    </ClCompile>
    <ClCompile Include="..\..\..\Source\Riff\Riff_Chunks_WAVE__PMX.cpp">
      <Filter>Source Files\Riff</Filter>
    </ClCompile>
    <ClCompile Include="..\..\..\Source\Riff\Riff_Chunks_WAVE_aXML.cpp">
      <Filter>Source Files\Riff</Filter>
    </ClCompile>
    <ClCompile Include="..\..\..\Source\Riff\Riff_Chunks_WAVE_bext.cpp">
      <Filter>Source Files\Riff</Filter>
    </ClCompile>
    <ClCompile Include="..\..\..\Source\Riff\Riff_Chunks_WAVE_data.cpp">
      <Filter>Source Files\Riff</Filter>
    </ClCompile>
    <ClCompile Include="..\..\..\Source\Riff\Riff_Chunks_WAVE_ds64.cpp">
      <Filter>Source Files\Riff</Filter>
    </ClCompile>
    <ClCompile Include="..\..\..\Source\Riff\Riff_Chunks_WAVE_FLLR.cpp">
      <Filter>Source Files\Riff</Filter>
    </ClCompile>
    <ClCompile Include="..\..\..\Source\Riff\Riff_Chunks_WAVE_fmt_.cpp">
      <Filter>Source Files\Riff</Filter>
    </ClCompile>
    <ClCompile Include="..\..\..\Source\Riff\Riff_Chunks_WAVE_INFO.cpp">
      <Filter>Source Files\Riff</Filter>
    </ClCompile>
    <ClCompile Include="..\..\..\Source\Riff\Riff_Chunks_WAVE_INFO_xxxx.cpp">
      <Filter>Source Files\Riff</Filter>
    </ClCompile>
    <ClCompile Include="..\..\..\Source\Riff\Riff_Chunks_WAVE_iXML.cpp">
      <Filter>Source Files\Riff</Filter>
    </ClCompile>
    <ClCompile Include="..\..\..\Source\Riff\Riff_Chunks_WAVE_MD5_.cpp">
      <Filter>Source Files\Riff</Filter>
    </ClCompile>
    <ClCompile Include="..\..\..\Source\Riff\Riff_Handler.cpp">
      <Filter>Source Files\Riff</Filter>
    </ClCompile>
    <ClCompile Include="..\..\..\Source\ZenLib\Conf.cpp">
      <Filter>Source Files\ZenLib</Filter>
    </ClCompile>
    <ClCompile Include="..\..\..\Source\ZenLib\CriticalSection.cpp">
      <Filter>Source Files\ZenLib</Filter>
    </ClCompile>
    <ClCompile Include="..\..\..\Source\ZenLib\Dir.cpp">
      <Filter>Source Files\ZenLib</Filter>
    </ClCompile>
    <ClCompile Include="..\..\..\Source\ZenLib\File.cpp">
      <Filter>Source Files\ZenLib</Filter>
    </ClCompile>
    <ClCompile Include="..\..\..\Source\ZenLib\FileName.cpp">
      <Filter>Source Files\ZenLib</Filter>
    </ClCompile>
    <ClCompile Include="..\..\..\Source\ZenLib\InfoMap.cpp">
      <Filter>Source Files\ZenLib</Filter>
    </ClCompile>
    <ClCompile Include="..\..\..\Source\ZenLib\int128s.cpp">
      <Filter>Source Files\ZenLib</Filter>
    </ClCompile>
    <ClCompile Include="..\..\..\Source\ZenLib\int128u.cpp">
      <Filter>Source Files\ZenLib</Filter>
    </ClCompile>
    <ClCompile Include="..\..\..\Source\ZenLib\MemoryDebug.cpp">
      <Filter>Source Files\ZenLib</Filter>
    </ClCompile>
    <ClCompile Include="..\..\..\Source\ZenLib\OS_Utils.cpp">
      <Filter>Source Files\ZenLib</Filter>
    </ClCompile>
    <ClCompile Include="..\..\..\Source\ZenLib\Thread.cpp">
      <Filter>Source Files\ZenLib</Filter>
    </ClCompile>
    <ClCompile Include="..\..\..\Source\ZenLib\Translation.cpp">
      <Filter>Source Files\ZenLib</Filter>
    </ClCompile>
    <ClCompile Include="..\..\..\Source\ZenLib\Utils.cpp">
      <Filter>Source Files\ZenLib</Filter>
    </ClCompile>
    <ClCompile Include="..\..\..\Source\ZenLib\Ztring.cpp">
      <Filter>Source Files\ZenLib</Filter>
    </ClCompile>
    <ClCompile Include="..\..\..\Source\ZenLib\ZtringList.cpp">
      <Filter>Source Files\ZenLib</Filter>
    </ClCompile>
    <ClCompile Include="..\..\..\Source\ZenLib\ZtringListList.cpp">
      <Filter>Source Files\ZenLib</Filter>
    </ClCompile>
    <ClCompile Include="..\..\..\Source\ZenLib\ZtringListListF.cpp">
      <Filter>Source Files\ZenLib</Filter>
    </ClCompile>
    <ClCompile Include="..\..\..\Source\md5\md5.c">
      <Filter>Source Files\MD5</Filter>
    </ClCompile>
    <ClCompile Include="..\..\..\Source\TinyXml\tinystr.cpp">
      <Filter>Source Files\TinyXml</Filter>
    </ClCompile>
    <ClCompile Include="..\..\..\Source\TinyXml\tinyxml.cpp">
      <Filter>Source Files\TinyXml</Filter>
    </ClCompile>
    <ClCompile Include="..\..\..\Source\TinyXml\tinyxmlerror.cpp">
      <Filter>Source Files\TinyXml</Filter>
    </ClCompile>
    <ClCompile Include="..\..\..\Source\TinyXml\tinyxmlparser.cpp">
      <Filter>Source Files\TinyXml</Filter>
    </ClCompile>
  </ItemGroup>
  <ItemGroup>
    <ClInclude Include="..\..\..\Source\GUI\Qt\App.h">
      <Filter>Header Files\GUI</Filter>
    </ClInclude>
    <ClInclude Include="..\..\..\Source\GUI\Qt\GUI_About.h">
      <Filter>Header Files\GUI</Filter>
    </ClInclude>
    <ClInclude Include="..\..\..\Source\GUI\Qt\GUI_Help.h">
      <Filter>Header Files\GUI</Filter>
    </ClInclude>
    <ClInclude Include="..\..\..\Source\GUI\Qt\GUI_Main.h">
      <Filter>Header Files\GUI</Filter>
    </ClInclude>
    <ClInclude Include="..\..\..\Source\GUI\Qt\GUI_Main_Core_Table.h">
      <Filter>Header Files\GUI</Filter>
    </ClInclude>
    <ClInclude Include="..\..\..\Source\GUI\Qt\GUI_Main_Core_Text.h">
      <Filter>Header Files\GUI</Filter>
    </ClInclude>
    <ClInclude Include="..\..\..\Source\GUI\Qt\GUI_Main_Output_Log.h">
      <Filter>Header Files\GUI</Filter>
    </ClInclude>
    <ClInclude Include="..\..\..\Source\GUI\Qt\GUI_Main_Output_stderr.h">
      <Filter>Header Files\GUI</Filter>
    </ClInclude>
    <ClInclude Include="..\..\..\Source\GUI\Qt\GUI_Main_Output_Trace.h">
      <Filter>Header Files\GUI</Filter>
    </ClInclude>
    <ClInclude Include="..\..\..\Source\GUI\Qt\GUI_Main_Technical_Table.h">
      <Filter>Header Files\GUI</Filter>
    </ClInclude>
    <ClInclude Include="..\..\..\Source\GUI\Qt\GUI_Main_Technical_Text.h">
      <Filter>Header Files\GUI</Filter>
    </ClInclude>
    <ClInclude Include="..\..\..\Source\GUI\Qt\GUI_Main_UndoDialog.h">
      <Filter>Header Files\GUI</Filter>
    </ClInclude>
    <ClInclude Include="..\..\..\Source\GUI\Qt\GUI_Main_xxxx__Common.h">
      <Filter>Header Files\GUI</Filter>
    </ClInclude>
    <ClInclude Include="..\..\..\Source\GUI\Qt\GUI_Main_xxxx_Bext.h">
      <Filter>Header Files\GUI</Filter>
    </ClInclude>
    <ClInclude Include="..\..\..\Source\GUI\Qt\GUI_Main_xxxx_CodingHistoryDialog.h">
      <Filter>Header Files\GUI</Filter>
    </ClInclude>
    <ClInclude Include="..\..\..\Source\GUI\Qt\GUI_Main_xxxx_DateDialog.h">
      <Filter>Header Files\GUI</Filter>
    </ClInclude>
    <ClInclude Include="..\..\..\Source\GUI\Qt\GUI_Main_xxxx_TextEditDialog.h">
      <Filter>Header Files\GUI</Filter>
    </ClInclude>
    <ClInclude Include="..\..\..\Source\GUI\Qt\GUI_Main_xxxx_TimeReferenceDialog.h">
      <Filter>Header Files\GUI</Filter>
    </ClInclude>
    <ClInclude Include="..\..\..\Source\GUI\Qt\GUI_Preferences.h">
      <Filter>Header Files\GUI</Filter>
    </ClInclude>
    <ClInclude Include="..\..\..\Source\Common\Common_About.h">
      <Filter>Header Files\Common</Filter>
    </ClInclude>
    <ClInclude Include="..\..\..\Source\Common\Core.h">
      <Filter>Header Files\Common</Filter>
    </ClInclude>
    <ClInclude Include="..\..\..\Source\Riff\Riff_Base.h">
      <Filter>Header Files\Riff</Filter>
    </ClInclude>
    <ClInclude Include="..\..\..\Source\Riff\Riff_Chunks.h">
      <Filter>Header Files\Riff</Filter>
    </ClInclude>
    <ClInclude Include="..\..\..\Source\Riff\Riff_Handler.h">
      <Filter>Header Files\Riff</Filter>
    </ClInclude>
    <ClInclude Include="..\..\..\Source\ZenLib\BitStream.h">
      <Filter>Header Files\ZenLib</Filter>
    </ClInclude>
    <ClInclude Include="..\..\..\Source\ZenLib\BitStream_LE.h">
      <Filter>Header Files\ZenLib</Filter>
    </ClInclude>
    <ClInclude Include="..\..\..\Source\ZenLib\Conf.h">
      <Filter>Header Files\ZenLib</Filter>
    </ClInclude>
    <ClInclude Include="..\..\..\Source\ZenLib\Conf_Internal.h">
      <Filter>Header Files\ZenLib</Filter>
    </ClInclude>
    <ClInclude Include="..\..\..\Source\ZenLib\CriticalSection.h">
      <Filter>Header Files\ZenLib</Filter>
    </ClInclude>
    <ClInclude Include="..\..\..\Source\ZenLib\Dir.h">
      <Filter>Header Files\ZenLib</Filter>
    </ClInclude>
    <ClInclude Include="..\..\..\Source\ZenLib\File.h">
      <Filter>Header Files\ZenLib</Filter>
    </ClInclude>
    <ClInclude Include="..\..\..\Source\ZenLib\FileName.h">
      <Filter>Header Files\ZenLib</Filter>
    </ClInclude>
    <ClInclude Include="..\..\..\Source\ZenLib\InfoMap.h">
      <Filter>Header Files\ZenLib</Filter>
    </ClInclude>
    <ClInclude Include="..\..\..\Source\ZenLib\int128s.h">
      <Filter>Header Files\ZenLib</Filter>
    </ClInclude>
    <ClInclude Include="..\..\..\Source\ZenLib\int128u.h">
      <Filter>Header Files\ZenLib</Filter>
    </ClInclude>
    <ClInclude Include="..\..\..\Source\ZenLib\MemoryDebug.h">
      <Filter>Header Files\ZenLib</Filter>
    </ClInclude>
    <ClInclude Include="..\..\..\Source\ZenLib\OS_Utils.h">
      <Filter>Header Files\ZenLib</Filter>
    </ClInclude>
    <ClInclude Include="..\..\..\Source\ZenLib\Thread.h">
      <Filter>Header Files\ZenLib</Filter>
    </ClInclude>
    <ClInclude Include="..\..\..\Source\ZenLib\Trace.h">
      <Filter>Header Files\ZenLib</Filter>
    </ClInclude>
    <ClInclude Include="..\..\..\Source\ZenLib\Translation.h">
      <Filter>Header Files\ZenLib</Filter>
    </ClInclude>
    <ClInclude Include="..\..\..\Source\ZenLib\Utils.h">
      <Filter>Header Files\ZenLib</Filter>
    </ClInclude>
    <ClInclude Include="..\..\..\Source\ZenLib\Ztring.h">
      <Filter>Header Files\ZenLib</Filter>
    </ClInclude>
    <ClInclude Include="..\..\..\Source\ZenLib\ZtringList.h">
      <Filter>Header Files\ZenLib</Filter>
    </ClInclude>
    <ClInclude Include="..\..\..\Source\ZenLib\ZtringListList.h">
      <Filter>Header Files\ZenLib</Filter>
    </ClInclude>
    <ClInclude Include="..\..\..\Source\ZenLib\ZtringListListF.h">
      <Filter>Header Files\ZenLib</Filter>
    </ClInclude>
    <ClInclude Include="..\..\..\Source\md5\md5.h">
      <Filter>Header Files\MD5</Filter>
    </ClInclude>
    <ClInclude Include="..\..\..\Source\TinyXml\tinystr.h">
      <Filter>Header Files\TinyXml</Filter>
    </ClInclude>
    <ClInclude Include="..\..\..\Source\TinyXml\tinyxml.h">
      <Filter>Header Files\TinyXml</Filter>
    </ClInclude>
  </ItemGroup>
  <ItemGroup>
    <ResourceCompile Include="BWF_MetaEdit_GUI.rc">
      <Filter>Resource Files</Filter>
    </ResourceCompile>
    <ResourceCompile Include="..\..\..\Source\GUI\Qt\GUI_Main.rc">
      <Filter>Resource Files</Filter>
    </ResourceCompile>
  </ItemGroup>
</Project>